
Microsoft Visual Studio Solution File, Format Version 12.00
# Visual Studio Version 17
VisualStudioVersion = 17.2.32630.192
MinimumVisualStudioVersion = 10.0.40219.1
Project("{FAE04EC0-301F-11D3-BF4B-00C04F79EFBC}") = "Homework_Lesson1", "Homework_Lesson1\Homework_Lesson1.csproj", "{8555B193-3683-413F-B883-A30CD3BCEC46}"
EndProject
Project("{FAE04EC0-301F-11D3-BF4B-00C04F79EFBC}") = "LogIn_Master", "LoginIn\LogIn_Master.csproj", "{28104D7D-E675-4C37-8B93-67D38484CB94}"
EndProject
Project("{FAE04EC0-301F-11D3-BF4B-00C04F79EFBC}") = "LogIN", "LogIN\LogIN.csproj", "{30EB04F6-BC70-4929-9F4B-0CFEB3243C99}"
EndProject
Global
	GlobalSection(SolutionConfigurationPlatforms) = preSolution
		Debug|Any CPU = Debug|Any CPU
		Release|Any CPU = Release|Any CPU
	EndGlobalSection
	GlobalSection(ProjectConfigurationPlatforms) = postSolution
		{8555B193-3683-413F-B883-A30CD3BCEC46}.Debug|Any CPU.ActiveCfg = Debug|Any CPU
		{8555B193-3683-413F-B883-A30CD3BCEC46}.Debug|Any CPU.Build.0 = Debug|Any CPU
		{8555B193-3683-413F-B883-A30CD3BCEC46}.Release|Any CPU.ActiveCfg = Release|Any CPU
		{8555B193-3683-413F-B883-A30CD3BCEC46}.Release|Any CPU.Build.0 = Release|Any CPU
		{28104D7D-E675-4C37-8B93-67D38484CB94}.Debug|Any CPU.ActiveCfg = Debug|Any CPU
		{28104D7D-E675-4C37-8B93-67D38484CB94}.Debug|Any CPU.Build.0 = Debug|Any CPU
		{28104D7D-E675-4C37-8B93-67D38484CB94}.Release|Any CPU.ActiveCfg = Release|Any CPU
		{28104D7D-E675-4C37-8B93-67D38484CB94}.Release|Any CPU.Build.0 = Release|Any CPU
		{30EB04F6-BC70-4929-9F4B-0CFEB3243C99}.Debug|Any CPU.ActiveCfg = Debug|Any CPU
		{30EB04F6-BC70-4929-9F4B-0CFEB3243C99}.Debug|Any CPU.Build.0 = Debug|Any CPU
		{30EB04F6-BC70-4929-9F4B-0CFEB3243C99}.Release|Any CPU.ActiveCfg = Release|Any CPU
		{30EB04F6-BC70-4929-9F4B-0CFEB3243C99}.Release|Any CPU.Build.0 = Release|Any CPU
	EndGlobalSection
	GlobalSection(SolutionProperties) = preSolution
		HideSolutionNode = FALSE
	EndGlobalSection
	GlobalSection(ExtensibilityGlobals) = postSolution
		SolutionGuid = {F951A6B8-B4DE-4024-A567-5E28D0B39624}
	EndGlobalSection
EndGlobal
